// !$*UTF8*$!
{
	archiveVersion = 1;
	classes = {
	};
	objectVersion = 46;
	objects = {

/* Begin PBXBuildFile section */
		541BDDEB18245533002926F5 /* AssetsLibrary.framework in Frameworks */ = {isa = PBXBuildFile; fileRef = 541BDDEA18245533002926F5 /* AssetsLibrary.framework */; };
		542AA1F9181763C0004AE936 /* Parse.framework in Frameworks */ = {isa = PBXBuildFile; fileRef = 542AA1F8181763C0004AE936 /* Parse.framework */; };
		542B1C5917FB766B0087C5D1 /* AudioToolbox.framework in Frameworks */ = {isa = PBXBuildFile; fileRef = 542B1C5817FB766B0087C5D1 /* AudioToolbox.framework */; };
		542B1C5B17FB76720087C5D1 /* CFNetwork.framework in Frameworks */ = {isa = PBXBuildFile; fileRef = 542B1C5A17FB76720087C5D1 /* CFNetwork.framework */; };
		542B1C5D17FB768B0087C5D1 /* CoreLocation.framework in Frameworks */ = {isa = PBXBuildFile; fileRef = 542B1C5C17FB768B0087C5D1 /* CoreLocation.framework */; };
		542B1C5F17FB76970087C5D1 /* libz.1.1.3.dylib in Frameworks */ = {isa = PBXBuildFile; fileRef = 542B1C5E17FB76970087C5D1 /* libz.1.1.3.dylib */; };
		542B1C6117FB76A50087C5D1 /* MobileCoreServices.framework in Frameworks */ = {isa = PBXBuildFile; fileRef = 542B1C6017FB76A50087C5D1 /* MobileCoreServices.framework */; };
		542B1C6317FB76C10087C5D1 /* StoreKit.framework in Frameworks */ = {isa = PBXBuildFile; fileRef = 542B1C6217FB76C10087C5D1 /* StoreKit.framework */; };
		542B1C6517FB76D60087C5D1 /* SystemConfiguration.framework in Frameworks */ = {isa = PBXBuildFile; fileRef = 542B1C6417FB76D60087C5D1 /* SystemConfiguration.framework */; };
		542B1C6817FB81BC0087C5D1 /* MenuViewController.m in Sources */ = {isa = PBXBuildFile; fileRef = 542B1C6717FB81BC0087C5D1 /* MenuViewController.m */; };
		542B1C6B17FB81E30087C5D1 /* GameViewController.m in Sources */ = {isa = PBXBuildFile; fileRef = 542B1C6A17FB81E30087C5D1 /* GameViewController.m */; };
		542B1C6D17FBA0DB0087C5D1 /* FBUserSettingsViewResources.bundle in Resources */ = {isa = PBXBuildFile; fileRef = 542B1C6C17FBA0DB0087C5D1 /* FBUserSettingsViewResources.bundle */; };
		542B1C741801D0D20087C5D1 /* PagerViewController.m in Sources */ = {isa = PBXBuildFile; fileRef = 542B1C731801D0D20087C5D1 /* PagerViewController.m */; };
		542B1C771801D0DB0087C5D1 /* CustomPagerViewController.m in Sources */ = {isa = PBXBuildFile; fileRef = 542B1C761801D0DB0087C5D1 /* CustomPagerViewController.m */; };
		54A989001803B9F200303BFE /* UzysSMMenuItem.m in Sources */ = {isa = PBXBuildFile; fileRef = 54A988FA1803B9F200303BFE /* UzysSMMenuItem.m */; };
		54A989011803B9F200303BFE /* UzysSMMenuItemView.m in Sources */ = {isa = PBXBuildFile; fileRef = 54A988FC1803B9F200303BFE /* UzysSMMenuItemView.m */; };
		54A989021803B9F200303BFE /* UzysSMMenuItemView.xib in Resources */ = {isa = PBXBuildFile; fileRef = 54A988FD1803B9F200303BFE /* UzysSMMenuItemView.xib */; };
		54A989031803B9F200303BFE /* UzysSlideMenu.m in Sources */ = {isa = PBXBuildFile; fileRef = 54A988FF1803B9F200303BFE /* UzysSlideMenu.m */; };
		54C2663417F68B6000C22699 /* Foundation.framework in Frameworks */ = {isa = PBXBuildFile; fileRef = 54C2663317F68B6000C22699 /* Foundation.framework */; };
		54C2663617F68B6000C22699 /* CoreGraphics.framework in Frameworks */ = {isa = PBXBuildFile; fileRef = 54C2663517F68B6000C22699 /* CoreGraphics.framework */; };
		54C2663817F68B6000C22699 /* UIKit.framework in Frameworks */ = {isa = PBXBuildFile; fileRef = 54C2663717F68B6000C22699 /* UIKit.framework */; };
		54C2663E17F68B6000C22699 /* InfoPlist.strings in Resources */ = {isa = PBXBuildFile; fileRef = 54C2663C17F68B6000C22699 /* InfoPlist.strings */; };
		54C2664017F68B6000C22699 /* main.m in Sources */ = {isa = PBXBuildFile; fileRef = 54C2663F17F68B6000C22699 /* main.m */; };
		54C2664417F68B6000C22699 /* AppDelegate.m in Sources */ = {isa = PBXBuildFile; fileRef = 54C2664317F68B6000C22699 /* AppDelegate.m */; };
		54C2664717F68B6000C22699 /* Main_iPhone.storyboard in Resources */ = {isa = PBXBuildFile; fileRef = 54C2664517F68B6000C22699 /* Main_iPhone.storyboard */; };
		54C2664A17F68B6000C22699 /* Main_iPad.storyboard in Resources */ = {isa = PBXBuildFile; fileRef = 54C2664817F68B6000C22699 /* Main_iPad.storyboard */; };
		54C2664F17F68B6000C22699 /* Images.xcassets in Resources */ = {isa = PBXBuildFile; fileRef = 54C2664E17F68B6000C22699 /* Images.xcassets */; };
		54C2665617F68B6100C22699 /* XCTest.framework in Frameworks */ = {isa = PBXBuildFile; fileRef = 54C2665517F68B6100C22699 /* XCTest.framework */; };
		54C2665717F68B6100C22699 /* Foundation.framework in Frameworks */ = {isa = PBXBuildFile; fileRef = 54C2663317F68B6000C22699 /* Foundation.framework */; };
		54C2665817F68B6100C22699 /* UIKit.framework in Frameworks */ = {isa = PBXBuildFile; fileRef = 54C2663717F68B6000C22699 /* UIKit.framework */; };
		54C2666017F68B6100C22699 /* InfoPlist.strings in Resources */ = {isa = PBXBuildFile; fileRef = 54C2665E17F68B6100C22699 /* InfoPlist.strings */; };
		54C2666217F68B6100C22699 /* PicsWithFriendsTests.m in Sources */ = {isa = PBXBuildFile; fileRef = 54C2666117F68B6100C22699 /* PicsWithFriendsTests.m */; };
		54C2666C17F68BAE00C22699 /* Security.framework in Frameworks */ = {isa = PBXBuildFile; fileRef = 54C2666B17F68BAE00C22699 /* Security.framework */; };
		54C2666E17F68BBA00C22699 /* QuartzCore.framework in Frameworks */ = {isa = PBXBuildFile; fileRef = 54C2666D17F68BBA00C22699 /* QuartzCore.framework */; };
		54C2667017F68BC800C22699 /* AddressBook.framework in Frameworks */ = {isa = PBXBuildFile; fileRef = 54C2666F17F68BC800C22699 /* AddressBook.framework */; };
		54C2667217F68BD000C22699 /* Accounts.framework in Frameworks */ = {isa = PBXBuildFile; fileRef = 54C2667117F68BD000C22699 /* Accounts.framework */; };
		54C2667417F68BDB00C22699 /* AdSupport.framework in Frameworks */ = {isa = PBXBuildFile; fileRef = 54C2667317F68BDB00C22699 /* AdSupport.framework */; };
		54C2667617F68BE400C22699 /* Social.framework in Frameworks */ = {isa = PBXBuildFile; fileRef = 54C2667517F68BE300C22699 /* Social.framework */; };
		54C2667817F68BF400C22699 /* libsqlite3.dylib in Frameworks */ = {isa = PBXBuildFile; fileRef = 54C2667717F68BF400C22699 /* libsqlite3.dylib */; };
		54C2668217FA476200C22699 /* LoginViewController.m in Sources */ = {isa = PBXBuildFile; fileRef = 54C2668117FA476200C22699 /* LoginViewController.m */; };
		54C64EF31807AF5700B79483 /* GameUserTableViewCell.m in Sources */ = {isa = PBXBuildFile; fileRef = 54C64EF21807AF5700B79483 /* GameUserTableViewCell.m */; };
		54C64F081807B7A300B79483 /* AFHTTPRequestOperation.m in Sources */ = {isa = PBXBuildFile; fileRef = 54C64EF61807B7A300B79483 /* AFHTTPRequestOperation.m */; };
		54C64F091807B7A300B79483 /* AFHTTPRequestOperationManager.m in Sources */ = {isa = PBXBuildFile; fileRef = 54C64EF81807B7A300B79483 /* AFHTTPRequestOperationManager.m */; };
		54C64F0A1807B7A300B79483 /* AFHTTPSessionManager.m in Sources */ = {isa = PBXBuildFile; fileRef = 54C64EFA1807B7A300B79483 /* AFHTTPSessionManager.m */; };
		54C64F0B1807B7A300B79483 /* AFNetworkReachabilityManager.m in Sources */ = {isa = PBXBuildFile; fileRef = 54C64EFD1807B7A300B79483 /* AFNetworkReachabilityManager.m */; };
		54C64F0C1807B7A300B79483 /* AFSecurityPolicy.m in Sources */ = {isa = PBXBuildFile; fileRef = 54C64EFF1807B7A300B79483 /* AFSecurityPolicy.m */; };
		54C64F0D1807B7A300B79483 /* AFURLConnectionOperation.m in Sources */ = {isa = PBXBuildFile; fileRef = 54C64F011807B7A300B79483 /* AFURLConnectionOperation.m */; };
		54C64F0E1807B7A300B79483 /* AFURLRequestSerialization.m in Sources */ = {isa = PBXBuildFile; fileRef = 54C64F031807B7A300B79483 /* AFURLRequestSerialization.m */; };
		54C64F0F1807B7A300B79483 /* AFURLResponseSerialization.m in Sources */ = {isa = PBXBuildFile; fileRef = 54C64F051807B7A300B79483 /* AFURLResponseSerialization.m */; };
		54C64F101807B7A300B79483 /* AFURLSessionManager.m in Sources */ = {isa = PBXBuildFile; fileRef = 54C64F071807B7A300B79483 /* AFURLSessionManager.m */; };
		54C64F211807C0E700B79483 /* AFNetworkActivityIndicatorManager.m in Sources */ = {isa = PBXBuildFile; fileRef = 54C64F131807C0E700B79483 /* AFNetworkActivityIndicatorManager.m */; };
		54C64F221807C0E700B79483 /* UIActivityIndicatorView+AFNetworking.m in Sources */ = {isa = PBXBuildFile; fileRef = 54C64F151807C0E700B79483 /* UIActivityIndicatorView+AFNetworking.m */; };
		54C64F231807C0E700B79483 /* UIAlertView+AFNetworking.m in Sources */ = {isa = PBXBuildFile; fileRef = 54C64F171807C0E700B79483 /* UIAlertView+AFNetworking.m */; };
		54C64F241807C0E700B79483 /* UIButton+AFNetworking.m in Sources */ = {isa = PBXBuildFile; fileRef = 54C64F191807C0E700B79483 /* UIButton+AFNetworking.m */; };
		54C64F251807C0E700B79483 /* UIImageView+AFNetworking.m in Sources */ = {isa = PBXBuildFile; fileRef = 54C64F1B1807C0E700B79483 /* UIImageView+AFNetworking.m */; };
		54C64F261807C0E700B79483 /* UIProgressView+AFNetworking.m in Sources */ = {isa = PBXBuildFile; fileRef = 54C64F1E1807C0E700B79483 /* UIProgressView+AFNetworking.m */; };
		54C64F271807C0E700B79483 /* UIWebView+AFNetworking.m in Sources */ = {isa = PBXBuildFile; fileRef = 54C64F201807C0E700B79483 /* UIWebView+AFNetworking.m */; };
		54C64F2B1810C80F00B79483 /* MenuTableViewCell.m in Sources */ = {isa = PBXBuildFile; fileRef = 54C64F2A1810C80E00B79483 /* MenuTableViewCell.m */; };
		E3D29ED717FFC71100215F79 /* FacebookSDK.framework in Frameworks */ = {isa = PBXBuildFile; fileRef = E3D29ED617FFC71100215F79 /* FacebookSDK.framework */; };
/* End PBXBuildFile section */

/* Begin PBXContainerItemProxy section */
		54C2665917F68B6100C22699 /* PBXContainerItemProxy */ = {
			isa = PBXContainerItemProxy;
			containerPortal = 54C2662817F68B6000C22699 /* Project object */;
			proxyType = 1;
			remoteGlobalIDString = 54C2662F17F68B6000C22699;
			remoteInfo = PicsWithFriends;
		};
/* End PBXContainerItemProxy section */

/* Begin PBXFileReference section */
		541BDDEA18245533002926F5 /* AssetsLibrary.framework */ = {isa = PBXFileReference; lastKnownFileType = wrapper.framework; name = AssetsLibrary.framework; path = System/Library/Frameworks/AssetsLibrary.framework; sourceTree = SDKROOT; };
		542AA1F8181763C0004AE936 /* Parse.framework */ = {isa = PBXFileReference; lastKnownFileType = wrapper.framework; path = Parse.framework; sourceTree = "<group>"; };
		542B1C5817FB766B0087C5D1 /* AudioToolbox.framework */ = {isa = PBXFileReference; lastKnownFileType = wrapper.framework; name = AudioToolbox.framework; path = System/Library/Frameworks/AudioToolbox.framework; sourceTree = SDKROOT; };
		542B1C5A17FB76720087C5D1 /* CFNetwork.framework */ = {isa = PBXFileReference; lastKnownFileType = wrapper.framework; name = CFNetwork.framework; path = System/Library/Frameworks/CFNetwork.framework; sourceTree = SDKROOT; };
		542B1C5C17FB768B0087C5D1 /* CoreLocation.framework */ = {isa = PBXFileReference; lastKnownFileType = wrapper.framework; name = CoreLocation.framework; path = System/Library/Frameworks/CoreLocation.framework; sourceTree = SDKROOT; };
		542B1C5E17FB76970087C5D1 /* libz.1.1.3.dylib */ = {isa = PBXFileReference; lastKnownFileType = "compiled.mach-o.dylib"; name = libz.1.1.3.dylib; path = usr/lib/libz.1.1.3.dylib; sourceTree = SDKROOT; };
		542B1C6017FB76A50087C5D1 /* MobileCoreServices.framework */ = {isa = PBXFileReference; lastKnownFileType = wrapper.framework; name = MobileCoreServices.framework; path = System/Library/Frameworks/MobileCoreServices.framework; sourceTree = SDKROOT; };
		542B1C6217FB76C10087C5D1 /* StoreKit.framework */ = {isa = PBXFileReference; lastKnownFileType = wrapper.framework; name = StoreKit.framework; path = System/Library/Frameworks/StoreKit.framework; sourceTree = SDKROOT; };
		542B1C6417FB76D60087C5D1 /* SystemConfiguration.framework */ = {isa = PBXFileReference; lastKnownFileType = wrapper.framework; name = SystemConfiguration.framework; path = System/Library/Frameworks/SystemConfiguration.framework; sourceTree = SDKROOT; };
		542B1C6617FB81BC0087C5D1 /* MenuViewController.h */ = {isa = PBXFileReference; fileEncoding = 4; lastKnownFileType = sourcecode.c.h; path = MenuViewController.h; sourceTree = "<group>"; };
		542B1C6717FB81BC0087C5D1 /* MenuViewController.m */ = {isa = PBXFileReference; fileEncoding = 4; lastKnownFileType = sourcecode.c.objc; path = MenuViewController.m; sourceTree = "<group>"; };
		542B1C6917FB81E30087C5D1 /* GameViewController.h */ = {isa = PBXFileReference; fileEncoding = 4; lastKnownFileType = sourcecode.c.h; path = GameViewController.h; sourceTree = "<group>"; };
		542B1C6A17FB81E30087C5D1 /* GameViewController.m */ = {isa = PBXFileReference; fileEncoding = 4; lastKnownFileType = sourcecode.c.objc; path = GameViewController.m; sourceTree = "<group>"; };
		542B1C6C17FBA0DB0087C5D1 /* FBUserSettingsViewResources.bundle */ = {isa = PBXFileReference; lastKnownFileType = "wrapper.plug-in"; path = FBUserSettingsViewResources.bundle; sourceTree = "<group>"; };
		542B1C721801D0D20087C5D1 /* PagerViewController.h */ = {isa = PBXFileReference; fileEncoding = 4; lastKnownFileType = sourcecode.c.h; path = PagerViewController.h; sourceTree = "<group>"; };
		542B1C731801D0D20087C5D1 /* PagerViewController.m */ = {isa = PBXFileReference; fileEncoding = 4; lastKnownFileType = sourcecode.c.objc; path = PagerViewController.m; sourceTree = "<group>"; };
		542B1C751801D0DB0087C5D1 /* CustomPagerViewController.h */ = {isa = PBXFileReference; fileEncoding = 4; lastKnownFileType = sourcecode.c.h; path = CustomPagerViewController.h; sourceTree = "<group>"; };
		542B1C761801D0DB0087C5D1 /* CustomPagerViewController.m */ = {isa = PBXFileReference; fileEncoding = 4; lastKnownFileType = sourcecode.c.objc; path = CustomPagerViewController.m; sourceTree = "<group>"; };
		54A988F81803B9F200303BFE /* ARCHelper.h */ = {isa = PBXFileReference; fileEncoding = 4; lastKnownFileType = sourcecode.c.h; path = ARCHelper.h; sourceTree = "<group>"; };
		54A988F91803B9F200303BFE /* UzysSMMenuItem.h */ = {isa = PBXFileReference; fileEncoding = 4; lastKnownFileType = sourcecode.c.h; path = UzysSMMenuItem.h; sourceTree = "<group>"; };
		54A988FA1803B9F200303BFE /* UzysSMMenuItem.m */ = {isa = PBXFileReference; fileEncoding = 4; lastKnownFileType = sourcecode.c.objc; path = UzysSMMenuItem.m; sourceTree = "<group>"; };
		54A988FB1803B9F200303BFE /* UzysSMMenuItemView.h */ = {isa = PBXFileReference; fileEncoding = 4; lastKnownFileType = sourcecode.c.h; path = UzysSMMenuItemView.h; sourceTree = "<group>"; };
		54A988FC1803B9F200303BFE /* UzysSMMenuItemView.m */ = {isa = PBXFileReference; fileEncoding = 4; lastKnownFileType = sourcecode.c.objc; path = UzysSMMenuItemView.m; sourceTree = "<group>"; };
		54A988FD1803B9F200303BFE /* UzysSMMenuItemView.xib */ = {isa = PBXFileReference; fileEncoding = 4; lastKnownFileType = file.xib; path = UzysSMMenuItemView.xib; sourceTree = "<group>"; };
		54A988FE1803B9F200303BFE /* UzysSlideMenu.h */ = {isa = PBXFileReference; fileEncoding = 4; lastKnownFileType = sourcecode.c.h; path = UzysSlideMenu.h; sourceTree = "<group>"; };
		54A988FF1803B9F200303BFE /* UzysSlideMenu.m */ = {isa = PBXFileReference; fileEncoding = 4; lastKnownFileType = sourcecode.c.objc; path = UzysSlideMenu.m; sourceTree = "<group>"; };
		54C2663017F68B6000C22699 /* PicsWithFriends.app */ = {isa = PBXFileReference; explicitFileType = wrapper.application; includeInIndex = 0; path = PicsWithFriends.app; sourceTree = BUILT_PRODUCTS_DIR; };
		54C2663317F68B6000C22699 /* Foundation.framework */ = {isa = PBXFileReference; lastKnownFileType = wrapper.framework; name = Foundation.framework; path = System/Library/Frameworks/Foundation.framework; sourceTree = SDKROOT; };
		54C2663517F68B6000C22699 /* CoreGraphics.framework */ = {isa = PBXFileReference; lastKnownFileType = wrapper.framework; name = CoreGraphics.framework; path = System/Library/Frameworks/CoreGraphics.framework; sourceTree = SDKROOT; };
		54C2663717F68B6000C22699 /* UIKit.framework */ = {isa = PBXFileReference; lastKnownFileType = wrapper.framework; name = UIKit.framework; path = System/Library/Frameworks/UIKit.framework; sourceTree = SDKROOT; };
		54C2663B17F68B6000C22699 /* PicsWithFriends-Info.plist */ = {isa = PBXFileReference; lastKnownFileType = text.plist.xml; path = "PicsWithFriends-Info.plist"; sourceTree = "<group>"; };
		54C2663D17F68B6000C22699 /* en */ = {isa = PBXFileReference; lastKnownFileType = text.plist.strings; name = en; path = en.lproj/InfoPlist.strings; sourceTree = "<group>"; };
		54C2663F17F68B6000C22699 /* main.m */ = {isa = PBXFileReference; lastKnownFileType = sourcecode.c.objc; path = main.m; sourceTree = "<group>"; };
		54C2664117F68B6000C22699 /* PicsWithFriends-Prefix.pch */ = {isa = PBXFileReference; lastKnownFileType = sourcecode.c.h; path = "PicsWithFriends-Prefix.pch"; sourceTree = "<group>"; };
		54C2664217F68B6000C22699 /* AppDelegate.h */ = {isa = PBXFileReference; lastKnownFileType = sourcecode.c.h; path = AppDelegate.h; sourceTree = "<group>"; };
		54C2664317F68B6000C22699 /* AppDelegate.m */ = {isa = PBXFileReference; lastKnownFileType = sourcecode.c.objc; path = AppDelegate.m; sourceTree = "<group>"; };
		54C2664617F68B6000C22699 /* Base */ = {isa = PBXFileReference; lastKnownFileType = file.storyboard; name = Base; path = Base.lproj/Main_iPhone.storyboard; sourceTree = "<group>"; };
		54C2664917F68B6000C22699 /* Base */ = {isa = PBXFileReference; lastKnownFileType = file.storyboard; name = Base; path = Base.lproj/Main_iPad.storyboard; sourceTree = "<group>"; };
		54C2664E17F68B6000C22699 /* Images.xcassets */ = {isa = PBXFileReference; lastKnownFileType = folder.assetcatalog; path = Images.xcassets; sourceTree = "<group>"; };
		54C2665417F68B6100C22699 /* PicsWithFriendsTests.xctest */ = {isa = PBXFileReference; explicitFileType = wrapper.cfbundle; includeInIndex = 0; path = PicsWithFriendsTests.xctest; sourceTree = BUILT_PRODUCTS_DIR; };
		54C2665517F68B6100C22699 /* XCTest.framework */ = {isa = PBXFileReference; lastKnownFileType = wrapper.framework; name = XCTest.framework; path = Library/Frameworks/XCTest.framework; sourceTree = DEVELOPER_DIR; };
		54C2665D17F68B6100C22699 /* PicsWithFriendsTests-Info.plist */ = {isa = PBXFileReference; lastKnownFileType = text.plist.xml; path = "PicsWithFriendsTests-Info.plist"; sourceTree = "<group>"; };
		54C2665F17F68B6100C22699 /* en */ = {isa = PBXFileReference; lastKnownFileType = text.plist.strings; name = en; path = en.lproj/InfoPlist.strings; sourceTree = "<group>"; };
		54C2666117F68B6100C22699 /* PicsWithFriendsTests.m */ = {isa = PBXFileReference; lastKnownFileType = sourcecode.c.objc; path = PicsWithFriendsTests.m; sourceTree = "<group>"; };
		54C2666B17F68BAE00C22699 /* Security.framework */ = {isa = PBXFileReference; lastKnownFileType = wrapper.framework; name = Security.framework; path = System/Library/Frameworks/Security.framework; sourceTree = SDKROOT; };
		54C2666D17F68BBA00C22699 /* QuartzCore.framework */ = {isa = PBXFileReference; lastKnownFileType = wrapper.framework; name = QuartzCore.framework; path = System/Library/Frameworks/QuartzCore.framework; sourceTree = SDKROOT; };
		54C2666F17F68BC800C22699 /* AddressBook.framework */ = {isa = PBXFileReference; lastKnownFileType = wrapper.framework; name = AddressBook.framework; path = System/Library/Frameworks/AddressBook.framework; sourceTree = SDKROOT; };
		54C2667117F68BD000C22699 /* Accounts.framework */ = {isa = PBXFileReference; lastKnownFileType = wrapper.framework; name = Accounts.framework; path = System/Library/Frameworks/Accounts.framework; sourceTree = SDKROOT; };
		54C2667317F68BDB00C22699 /* AdSupport.framework */ = {isa = PBXFileReference; lastKnownFileType = wrapper.framework; name = AdSupport.framework; path = System/Library/Frameworks/AdSupport.framework; sourceTree = SDKROOT; };
		54C2667517F68BE300C22699 /* Social.framework */ = {isa = PBXFileReference; lastKnownFileType = wrapper.framework; name = Social.framework; path = System/Library/Frameworks/Social.framework; sourceTree = SDKROOT; };
		54C2667717F68BF400C22699 /* libsqlite3.dylib */ = {isa = PBXFileReference; lastKnownFileType = "compiled.mach-o.dylib"; name = libsqlite3.dylib; path = usr/lib/libsqlite3.dylib; sourceTree = SDKROOT; };
		54C2668017FA476200C22699 /* LoginViewController.h */ = {isa = PBXFileReference; fileEncoding = 4; lastKnownFileType = sourcecode.c.h; path = LoginViewController.h; sourceTree = "<group>"; };
		54C2668117FA476200C22699 /* LoginViewController.m */ = {isa = PBXFileReference; fileEncoding = 4; lastKnownFileType = sourcecode.c.objc; path = LoginViewController.m; sourceTree = "<group>"; };
		54C2668317FA5A3F00C22699 /* Constants.h */ = {isa = PBXFileReference; lastKnownFileType = sourcecode.c.h; path = Constants.h; sourceTree = "<group>"; };
		54C64EF11807AF5700B79483 /* GameUserTableViewCell.h */ = {isa = PBXFileReference; fileEncoding = 4; lastKnownFileType = sourcecode.c.h; path = GameUserTableViewCell.h; sourceTree = "<group>"; };
		54C64EF21807AF5700B79483 /* GameUserTableViewCell.m */ = {isa = PBXFileReference; fileEncoding = 4; lastKnownFileType = sourcecode.c.objc; path = GameUserTableViewCell.m; sourceTree = "<group>"; };
		54C64EF51807B7A300B79483 /* AFHTTPRequestOperation.h */ = {isa = PBXFileReference; fileEncoding = 4; lastKnownFileType = sourcecode.c.h; path = AFHTTPRequestOperation.h; sourceTree = "<group>"; };
		54C64EF61807B7A300B79483 /* AFHTTPRequestOperation.m */ = {isa = PBXFileReference; fileEncoding = 4; lastKnownFileType = sourcecode.c.objc; path = AFHTTPRequestOperation.m; sourceTree = "<group>"; };
		54C64EF71807B7A300B79483 /* AFHTTPRequestOperationManager.h */ = {isa = PBXFileReference; fileEncoding = 4; lastKnownFileType = sourcecode.c.h; path = AFHTTPRequestOperationManager.h; sourceTree = "<group>"; };
		54C64EF81807B7A300B79483 /* AFHTTPRequestOperationManager.m */ = {isa = PBXFileReference; fileEncoding = 4; lastKnownFileType = sourcecode.c.objc; path = AFHTTPRequestOperationManager.m; sourceTree = "<group>"; };
		54C64EF91807B7A300B79483 /* AFHTTPSessionManager.h */ = {isa = PBXFileReference; fileEncoding = 4; lastKnownFileType = sourcecode.c.h; path = AFHTTPSessionManager.h; sourceTree = "<group>"; };
		54C64EFA1807B7A300B79483 /* AFHTTPSessionManager.m */ = {isa = PBXFileReference; fileEncoding = 4; lastKnownFileType = sourcecode.c.objc; path = AFHTTPSessionManager.m; sourceTree = "<group>"; };
		54C64EFB1807B7A300B79483 /* AFNetworking.h */ = {isa = PBXFileReference; fileEncoding = 4; lastKnownFileType = sourcecode.c.h; path = AFNetworking.h; sourceTree = "<group>"; };
		54C64EFC1807B7A300B79483 /* AFNetworkReachabilityManager.h */ = {isa = PBXFileReference; fileEncoding = 4; lastKnownFileType = sourcecode.c.h; path = AFNetworkReachabilityManager.h; sourceTree = "<group>"; };
		54C64EFD1807B7A300B79483 /* AFNetworkReachabilityManager.m */ = {isa = PBXFileReference; fileEncoding = 4; lastKnownFileType = sourcecode.c.objc; path = AFNetworkReachabilityManager.m; sourceTree = "<group>"; };
		54C64EFE1807B7A300B79483 /* AFSecurityPolicy.h */ = {isa = PBXFileReference; fileEncoding = 4; lastKnownFileType = sourcecode.c.h; path = AFSecurityPolicy.h; sourceTree = "<group>"; };
		54C64EFF1807B7A300B79483 /* AFSecurityPolicy.m */ = {isa = PBXFileReference; fileEncoding = 4; lastKnownFileType = sourcecode.c.objc; path = AFSecurityPolicy.m; sourceTree = "<group>"; };
		54C64F001807B7A300B79483 /* AFURLConnectionOperation.h */ = {isa = PBXFileReference; fileEncoding = 4; lastKnownFileType = sourcecode.c.h; path = AFURLConnectionOperation.h; sourceTree = "<group>"; };
		54C64F011807B7A300B79483 /* AFURLConnectionOperation.m */ = {isa = PBXFileReference; fileEncoding = 4; lastKnownFileType = sourcecode.c.objc; path = AFURLConnectionOperation.m; sourceTree = "<group>"; };
		54C64F021807B7A300B79483 /* AFURLRequestSerialization.h */ = {isa = PBXFileReference; fileEncoding = 4; lastKnownFileType = sourcecode.c.h; path = AFURLRequestSerialization.h; sourceTree = "<group>"; };
		54C64F031807B7A300B79483 /* AFURLRequestSerialization.m */ = {isa = PBXFileReference; fileEncoding = 4; lastKnownFileType = sourcecode.c.objc; path = AFURLRequestSerialization.m; sourceTree = "<group>"; };
		54C64F041807B7A300B79483 /* AFURLResponseSerialization.h */ = {isa = PBXFileReference; fileEncoding = 4; lastKnownFileType = sourcecode.c.h; path = AFURLResponseSerialization.h; sourceTree = "<group>"; };
		54C64F051807B7A300B79483 /* AFURLResponseSerialization.m */ = {isa = PBXFileReference; fileEncoding = 4; lastKnownFileType = sourcecode.c.objc; path = AFURLResponseSerialization.m; sourceTree = "<group>"; };
		54C64F061807B7A300B79483 /* AFURLSessionManager.h */ = {isa = PBXFileReference; fileEncoding = 4; lastKnownFileType = sourcecode.c.h; path = AFURLSessionManager.h; sourceTree = "<group>"; };
		54C64F071807B7A300B79483 /* AFURLSessionManager.m */ = {isa = PBXFileReference; fileEncoding = 4; lastKnownFileType = sourcecode.c.objc; path = AFURLSessionManager.m; sourceTree = "<group>"; };
		54C64F121807C0E700B79483 /* AFNetworkActivityIndicatorManager.h */ = {isa = PBXFileReference; fileEncoding = 4; lastKnownFileType = sourcecode.c.h; path = AFNetworkActivityIndicatorManager.h; sourceTree = "<group>"; };
		54C64F131807C0E700B79483 /* AFNetworkActivityIndicatorManager.m */ = {isa = PBXFileReference; fileEncoding = 4; lastKnownFileType = sourcecode.c.objc; path = AFNetworkActivityIndicatorManager.m; sourceTree = "<group>"; };
		54C64F141807C0E700B79483 /* UIActivityIndicatorView+AFNetworking.h */ = {isa = PBXFileReference; fileEncoding = 4; lastKnownFileType = sourcecode.c.h; path = "UIActivityIndicatorView+AFNetworking.h"; sourceTree = "<group>"; };
		54C64F151807C0E700B79483 /* UIActivityIndicatorView+AFNetworking.m */ = {isa = PBXFileReference; fileEncoding = 4; lastKnownFileType = sourcecode.c.objc; path = "UIActivityIndicatorView+AFNetworking.m"; sourceTree = "<group>"; };
		54C64F161807C0E700B79483 /* UIAlertView+AFNetworking.h */ = {isa = PBXFileReference; fileEncoding = 4; lastKnownFileType = sourcecode.c.h; path = "UIAlertView+AFNetworking.h"; sourceTree = "<group>"; };
		54C64F171807C0E700B79483 /* UIAlertView+AFNetworking.m */ = {isa = PBXFileReference; fileEncoding = 4; lastKnownFileType = sourcecode.c.objc; path = "UIAlertView+AFNetworking.m"; sourceTree = "<group>"; };
		54C64F181807C0E700B79483 /* UIButton+AFNetworking.h */ = {isa = PBXFileReference; fileEncoding = 4; lastKnownFileType = sourcecode.c.h; path = "UIButton+AFNetworking.h"; sourceTree = "<group>"; };
		54C64F191807C0E700B79483 /* UIButton+AFNetworking.m */ = {isa = PBXFileReference; fileEncoding = 4; lastKnownFileType = sourcecode.c.objc; path = "UIButton+AFNetworking.m"; sourceTree = "<group>"; };
		54C64F1A1807C0E700B79483 /* UIImageView+AFNetworking.h */ = {isa = PBXFileReference; fileEncoding = 4; lastKnownFileType = sourcecode.c.h; path = "UIImageView+AFNetworking.h"; sourceTree = "<group>"; };
		54C64F1B1807C0E700B79483 /* UIImageView+AFNetworking.m */ = {isa = PBXFileReference; fileEncoding = 4; lastKnownFileType = sourcecode.c.objc; path = "UIImageView+AFNetworking.m"; sourceTree = "<group>"; };
		54C64F1C1807C0E700B79483 /* UIKit+AFNetworking.h */ = {isa = PBXFileReference; fileEncoding = 4; lastKnownFileType = sourcecode.c.h; path = "UIKit+AFNetworking.h"; sourceTree = "<group>"; };
		54C64F1D1807C0E700B79483 /* UIProgressView+AFNetworking.h */ = {isa = PBXFileReference; fileEncoding = 4; lastKnownFileType = sourcecode.c.h; path = "UIProgressView+AFNetworking.h"; sourceTree = "<group>"; };
		54C64F1E1807C0E700B79483 /* UIProgressView+AFNetworking.m */ = {isa = PBXFileReference; fileEncoding = 4; lastKnownFileType = sourcecode.c.objc; path = "UIProgressView+AFNetworking.m"; sourceTree = "<group>"; };
		54C64F1F1807C0E700B79483 /* UIWebView+AFNetworking.h */ = {isa = PBXFileReference; fileEncoding = 4; lastKnownFileType = sourcecode.c.h; path = "UIWebView+AFNetworking.h"; sourceTree = "<group>"; };
		54C64F201807C0E700B79483 /* UIWebView+AFNetworking.m */ = {isa = PBXFileReference; fileEncoding = 4; lastKnownFileType = sourcecode.c.objc; path = "UIWebView+AFNetworking.m"; sourceTree = "<group>"; };
		54C64F291810C80E00B79483 /* MenuTableViewCell.h */ = {isa = PBXFileReference; fileEncoding = 4; lastKnownFileType = sourcecode.c.h; path = MenuTableViewCell.h; sourceTree = "<group>"; };
		54C64F2A1810C80E00B79483 /* MenuTableViewCell.m */ = {isa = PBXFileReference; fileEncoding = 4; lastKnownFileType = sourcecode.c.objc; path = MenuTableViewCell.m; sourceTree = "<group>"; };
		E3D29ED617FFC71100215F79 /* FacebookSDK.framework */ = {isa = PBXFileReference; lastKnownFileType = wrapper.framework; name = FacebookSDK.framework; path = ../../Documents/FacebookSDK/FacebookSDK.framework; sourceTree = "<group>"; };
/* End PBXFileReference section */

/* Begin PBXFrameworksBuildPhase section */
		54C2662D17F68B6000C22699 /* Frameworks */ = {
			isa = PBXFrameworksBuildPhase;
			buildActionMask = 2147483647;
			files = (
				541BDDEB18245533002926F5 /* AssetsLibrary.framework in Frameworks */,
				542B1C6517FB76D60087C5D1 /* SystemConfiguration.framework in Frameworks */,
				E3D29ED717FFC71100215F79 /* FacebookSDK.framework in Frameworks */,
				542B1C6317FB76C10087C5D1 /* StoreKit.framework in Frameworks */,
				542B1C6117FB76A50087C5D1 /* MobileCoreServices.framework in Frameworks */,
				542B1C5F17FB76970087C5D1 /* libz.1.1.3.dylib in Frameworks */,
				542B1C5D17FB768B0087C5D1 /* CoreLocation.framework in Frameworks */,
				542B1C5B17FB76720087C5D1 /* CFNetwork.framework in Frameworks */,
				542B1C5917FB766B0087C5D1 /* AudioToolbox.framework in Frameworks */,
				54C2667817F68BF400C22699 /* libsqlite3.dylib in Frameworks */,
				54C2667617F68BE400C22699 /* Social.framework in Frameworks */,
				54C2667417F68BDB00C22699 /* AdSupport.framework in Frameworks */,
				54C2667217F68BD000C22699 /* Accounts.framework in Frameworks */,
				54C2667017F68BC800C22699 /* AddressBook.framework in Frameworks */,
				542AA1F9181763C0004AE936 /* Parse.framework in Frameworks */,
				54C2666E17F68BBA00C22699 /* QuartzCore.framework in Frameworks */,
				54C2666C17F68BAE00C22699 /* Security.framework in Frameworks */,
				54C2663617F68B6000C22699 /* CoreGraphics.framework in Frameworks */,
				54C2663817F68B6000C22699 /* UIKit.framework in Frameworks */,
				54C2663417F68B6000C22699 /* Foundation.framework in Frameworks */,
			);
			runOnlyForDeploymentPostprocessing = 0;
		};
		54C2665117F68B6100C22699 /* Frameworks */ = {
			isa = PBXFrameworksBuildPhase;
			buildActionMask = 2147483647;
			files = (
				54C2665617F68B6100C22699 /* XCTest.framework in Frameworks */,
				54C2665817F68B6100C22699 /* UIKit.framework in Frameworks */,
				54C2665717F68B6100C22699 /* Foundation.framework in Frameworks */,
			);
			runOnlyForDeploymentPostprocessing = 0;
		};
/* End PBXFrameworksBuildPhase section */

/* Begin PBXGroup section */
		542B1C711801D09F0087C5D1 /* Tutorial */ = {
			isa = PBXGroup;
			children = (
				542B1C751801D0DB0087C5D1 /* CustomPagerViewController.h */,
				542B1C761801D0DB0087C5D1 /* CustomPagerViewController.m */,
				542B1C721801D0D20087C5D1 /* PagerViewController.h */,
				542B1C731801D0D20087C5D1 /* PagerViewController.m */,
			);
			name = Tutorial;
			sourceTree = "<group>";
		};
		54A988F71803B9D400303BFE /* UzysMenu */ = {
			isa = PBXGroup;
			children = (
				54A988F81803B9F200303BFE /* ARCHelper.h */,
				54A988F91803B9F200303BFE /* UzysSMMenuItem.h */,
				54A988FA1803B9F200303BFE /* UzysSMMenuItem.m */,
				54A988FB1803B9F200303BFE /* UzysSMMenuItemView.h */,
				54A988FC1803B9F200303BFE /* UzysSMMenuItemView.m */,
				54A988FD1803B9F200303BFE /* UzysSMMenuItemView.xib */,
				54A988FE1803B9F200303BFE /* UzysSlideMenu.h */,
				54A988FF1803B9F200303BFE /* UzysSlideMenu.m */,
			);
			name = UzysMenu;
			sourceTree = "<group>";
		};
		54C2662717F68B6000C22699 = {
			isa = PBXGroup;
			children = (
				54C2663917F68B6000C22699 /* PicsWithFriends */,
				54C2665B17F68B6100C22699 /* PicsWithFriendsTests */,
				54C2663217F68B6000C22699 /* Frameworks */,
				54C2663117F68B6000C22699 /* Products */,
			);
			sourceTree = "<group>";
		};
		54C2663117F68B6000C22699 /* Products */ = {
			isa = PBXGroup;
			children = (
				54C2663017F68B6000C22699 /* PicsWithFriends.app */,
				54C2665417F68B6100C22699 /* PicsWithFriendsTests.xctest */,
			);
			name = Products;
			sourceTree = "<group>";
		};
		54C2663217F68B6000C22699 /* Frameworks */ = {
			isa = PBXGroup;
			children = (
				541BDDEA18245533002926F5 /* AssetsLibrary.framework */,
				542AA1F8181763C0004AE936 /* Parse.framework */,
				542B1C5E17FB76970087C5D1 /* libz.1.1.3.dylib */,
				54C2667717F68BF400C22699 /* libsqlite3.dylib */,
				54C2667517F68BE300C22699 /* Social.framework */,
				E3D29ED617FFC71100215F79 /* FacebookSDK.framework */,
				542B1C6417FB76D60087C5D1 /* SystemConfiguration.framework */,
				542B1C6217FB76C10087C5D1 /* StoreKit.framework */,
				542B1C6017FB76A50087C5D1 /* MobileCoreServices.framework */,
				542B1C5C17FB768B0087C5D1 /* CoreLocation.framework */,
				542B1C5A17FB76720087C5D1 /* CFNetwork.framework */,
				542B1C5817FB766B0087C5D1 /* AudioToolbox.framework */,
				54C2667317F68BDB00C22699 /* AdSupport.framework */,
				54C2667117F68BD000C22699 /* Accounts.framework */,
				54C2666F17F68BC800C22699 /* AddressBook.framework */,
				54C2666D17F68BBA00C22699 /* QuartzCore.framework */,
				54C2666B17F68BAE00C22699 /* Security.framework */,
				54C2663317F68B6000C22699 /* Foundation.framework */,
				54C2663517F68B6000C22699 /* CoreGraphics.framework */,
				54C2663717F68B6000C22699 /* UIKit.framework */,
				54C2665517F68B6100C22699 /* XCTest.framework */,
			);
			name = Frameworks;
			sourceTree = "<group>";
		};
		54C2663917F68B6000C22699 /* PicsWithFriends */ = {
			isa = PBXGroup;
			children = (
				54C2668317FA5A3F00C22699 /* Constants.h */,
				54C2667F17FA46E000C22699 /* Storyboards */,
				54C2667E17FA46D500C22699 /* AppDelegate */,
				54C2667B17FA46B800C22699 /* Login */,
				54C2667C17FA46C500C22699 /* Menu */,
				54C2667D17FA46CA00C22699 /* Game */,
				542B1C711801D09F0087C5D1 /* Tutorial */,
				54A988F71803B9D400303BFE /* UzysMenu */,
				54C64EF41807B7A300B79483 /* AFNetworking */,
				54C2664E17F68B6000C22699 /* Images.xcassets */,
				54C2663A17F68B6000C22699 /* Supporting Files */,
			);
			path = PicsWithFriends;
			sourceTree = "<group>";
		};
		54C2663A17F68B6000C22699 /* Supporting Files */ = {
			isa = PBXGroup;
			children = (
				542B1C6C17FBA0DB0087C5D1 /* FBUserSettingsViewResources.bundle */,
				54C2663B17F68B6000C22699 /* PicsWithFriends-Info.plist */,
				54C2663C17F68B6000C22699 /* InfoPlist.strings */,
				54C2663F17F68B6000C22699 /* main.m */,
				54C2664117F68B6000C22699 /* PicsWithFriends-Prefix.pch */,
			);
			name = "Supporting Files";
			sourceTree = "<group>";
		};
		54C2665B17F68B6100C22699 /* PicsWithFriendsTests */ = {
			isa = PBXGroup;
			children = (
				54C2666117F68B6100C22699 /* PicsWithFriendsTests.m */,
				54C2665C17F68B6100C22699 /* Supporting Files */,
			);
			path = PicsWithFriendsTests;
			sourceTree = "<group>";
		};
		54C2665C17F68B6100C22699 /* Supporting Files */ = {
			isa = PBXGroup;
			children = (
				54C2665D17F68B6100C22699 /* PicsWithFriendsTests-Info.plist */,
				54C2665E17F68B6100C22699 /* InfoPlist.strings */,
			);
			name = "Supporting Files";
			sourceTree = "<group>";
		};
		54C2667B17FA46B800C22699 /* Login */ = {
			isa = PBXGroup;
			children = (
				54C2668017FA476200C22699 /* LoginViewController.h */,
				54C2668117FA476200C22699 /* LoginViewController.m */,
			);
			name = Login;
			sourceTree = "<group>";
		};
		54C2667C17FA46C500C22699 /* Menu */ = {
			isa = PBXGroup;
			children = (
				54C64F281810C68900B79483 /* MenuTableViewCell */,
				542B1C6617FB81BC0087C5D1 /* MenuViewController.h */,
				542B1C6717FB81BC0087C5D1 /* MenuViewController.m */,
			);
			name = Menu;
			sourceTree = "<group>";
		};
		54C2667D17FA46CA00C22699 /* Game */ = {
			isa = PBXGroup;
			children = (
				54C64EF01807AD9A00B79483 /* GameUserTableViewCell */,
				542B1C6917FB81E30087C5D1 /* GameViewController.h */,
				542B1C6A17FB81E30087C5D1 /* GameViewController.m */,
			);
			name = Game;
			sourceTree = "<group>";
		};
		54C2667E17FA46D500C22699 /* AppDelegate */ = {
			isa = PBXGroup;
			children = (
				54C2664217F68B6000C22699 /* AppDelegate.h */,
				54C2664317F68B6000C22699 /* AppDelegate.m */,
			);
			name = AppDelegate;
			sourceTree = "<group>";
		};
		54C2667F17FA46E000C22699 /* Storyboards */ = {
			isa = PBXGroup;
			children = (
				54C2664517F68B6000C22699 /* Main_iPhone.storyboard */,
				54C2664817F68B6000C22699 /* Main_iPad.storyboard */,
			);
			name = Storyboards;
			sourceTree = "<group>";
		};
		54C64EF01807AD9A00B79483 /* GameUserTableViewCell */ = {
			isa = PBXGroup;
			children = (
				54C64EF11807AF5700B79483 /* GameUserTableViewCell.h */,
				54C64EF21807AF5700B79483 /* GameUserTableViewCell.m */,
			);
			name = GameUserTableViewCell;
			sourceTree = "<group>";
		};
		54C64EF41807B7A300B79483 /* AFNetworking */ = {
			isa = PBXGroup;
			children = (
				54C64F111807C0E700B79483 /* UIKit+AFNetworking */,
				54C64EF51807B7A300B79483 /* AFHTTPRequestOperation.h */,
				54C64EF61807B7A300B79483 /* AFHTTPRequestOperation.m */,
				54C64EF71807B7A300B79483 /* AFHTTPRequestOperationManager.h */,
				54C64EF81807B7A300B79483 /* AFHTTPRequestOperationManager.m */,
				54C64EF91807B7A300B79483 /* AFHTTPSessionManager.h */,
				54C64EFA1807B7A300B79483 /* AFHTTPSessionManager.m */,
				54C64EFB1807B7A300B79483 /* AFNetworking.h */,
				54C64EFC1807B7A300B79483 /* AFNetworkReachabilityManager.h */,
				54C64EFD1807B7A300B79483 /* AFNetworkReachabilityManager.m */,
				54C64EFE1807B7A300B79483 /* AFSecurityPolicy.h */,
				54C64EFF1807B7A300B79483 /* AFSecurityPolicy.m */,
				54C64F001807B7A300B79483 /* AFURLConnectionOperation.h */,
				54C64F011807B7A300B79483 /* AFURLConnectionOperation.m */,
				54C64F021807B7A300B79483 /* AFURLRequestSerialization.h */,
				54C64F031807B7A300B79483 /* AFURLRequestSerialization.m */,
				54C64F041807B7A300B79483 /* AFURLResponseSerialization.h */,
				54C64F051807B7A300B79483 /* AFURLResponseSerialization.m */,
				54C64F061807B7A300B79483 /* AFURLSessionManager.h */,
				54C64F071807B7A300B79483 /* AFURLSessionManager.m */,
			);
			path = AFNetworking;
			sourceTree = "<group>";
		};
		54C64F111807C0E700B79483 /* UIKit+AFNetworking */ = {
			isa = PBXGroup;
			children = (
				54C64F121807C0E700B79483 /* AFNetworkActivityIndicatorManager.h */,
				54C64F131807C0E700B79483 /* AFNetworkActivityIndicatorManager.m */,
				54C64F141807C0E700B79483 /* UIActivityIndicatorView+AFNetworking.h */,
				54C64F151807C0E700B79483 /* UIActivityIndicatorView+AFNetworking.m */,
				54C64F161807C0E700B79483 /* UIAlertView+AFNetworking.h */,
				54C64F171807C0E700B79483 /* UIAlertView+AFNetworking.m */,
				54C64F181807C0E700B79483 /* UIButton+AFNetworking.h */,
				54C64F191807C0E700B79483 /* UIButton+AFNetworking.m */,
				54C64F1A1807C0E700B79483 /* UIImageView+AFNetworking.h */,
				54C64F1B1807C0E700B79483 /* UIImageView+AFNetworking.m */,
				54C64F1C1807C0E700B79483 /* UIKit+AFNetworking.h */,
				54C64F1D1807C0E700B79483 /* UIProgressView+AFNetworking.h */,
				54C64F1E1807C0E700B79483 /* UIProgressView+AFNetworking.m */,
				54C64F1F1807C0E700B79483 /* UIWebView+AFNetworking.h */,
				54C64F201807C0E700B79483 /* UIWebView+AFNetworking.m */,
			);
			path = "UIKit+AFNetworking";
			sourceTree = "<group>";
		};
		54C64F281810C68900B79483 /* MenuTableViewCell */ = {
			isa = PBXGroup;
			children = (
				54C64F291810C80E00B79483 /* MenuTableViewCell.h */,
				54C64F2A1810C80E00B79483 /* MenuTableViewCell.m */,
			);
			name = MenuTableViewCell;
			sourceTree = "<group>";
		};
/* End PBXGroup section */

/* Begin PBXNativeTarget section */
		54C2662F17F68B6000C22699 /* PicsWithFriends */ = {
			isa = PBXNativeTarget;
			buildConfigurationList = 54C2666517F68B6100C22699 /* Build configuration list for PBXNativeTarget "PicsWithFriends" */;
			buildPhases = (
				54C2662C17F68B6000C22699 /* Sources */,
				54C2662D17F68B6000C22699 /* Frameworks */,
				54C2662E17F68B6000C22699 /* Resources */,
			);
			buildRules = (
			);
			dependencies = (
			);
			name = PicsWithFriends;
			productName = PicsWithFriends;
			productReference = 54C2663017F68B6000C22699 /* PicsWithFriends.app */;
			productType = "com.apple.product-type.application";
		};
		54C2665317F68B6100C22699 /* PicsWithFriendsTests */ = {
			isa = PBXNativeTarget;
			buildConfigurationList = 54C2666817F68B6100C22699 /* Build configuration list for PBXNativeTarget "PicsWithFriendsTests" */;
			buildPhases = (
				54C2665017F68B6100C22699 /* Sources */,
				54C2665117F68B6100C22699 /* Frameworks */,
				54C2665217F68B6100C22699 /* Resources */,
			);
			buildRules = (
			);
			dependencies = (
				54C2665A17F68B6100C22699 /* PBXTargetDependency */,
			);
			name = PicsWithFriendsTests;
			productName = PicsWithFriendsTests;
			productReference = 54C2665417F68B6100C22699 /* PicsWithFriendsTests.xctest */;
			productType = "com.apple.product-type.bundle.unit-test";
		};
/* End PBXNativeTarget section */

/* Begin PBXProject section */
		54C2662817F68B6000C22699 /* Project object */ = {
			isa = PBXProject;
			attributes = {
				LastUpgradeCheck = 0500;
				ORGANIZATIONNAME = "Inndevers LLC";
				TargetAttributes = {
					54C2662F17F68B6000C22699 = {
						DevelopmentTeam = VK792B25FD;
					};
					54C2665317F68B6100C22699 = {
						TestTargetID = 54C2662F17F68B6000C22699;
					};
				};
			};
			buildConfigurationList = 54C2662B17F68B6000C22699 /* Build configuration list for PBXProject "PicsWithFriends" */;
			compatibilityVersion = "Xcode 3.2";
			developmentRegion = English;
			hasScannedForEncodings = 0;
			knownRegions = (
				en,
				Base,
			);
			mainGroup = 54C2662717F68B6000C22699;
			productRefGroup = 54C2663117F68B6000C22699 /* Products */;
			projectDirPath = "";
			projectRoot = "";
			targets = (
				54C2662F17F68B6000C22699 /* PicsWithFriends */,
				54C2665317F68B6100C22699 /* PicsWithFriendsTests */,
			);
		};
/* End PBXProject section */

/* Begin PBXResourcesBuildPhase section */
		54C2662E17F68B6000C22699 /* Resources */ = {
			isa = PBXResourcesBuildPhase;
			buildActionMask = 2147483647;
			files = (
				54C2664A17F68B6000C22699 /* Main_iPad.storyboard in Resources */,
				54A989021803B9F200303BFE /* UzysSMMenuItemView.xib in Resources */,
				54C2664F17F68B6000C22699 /* Images.xcassets in Resources */,
				54C2664717F68B6000C22699 /* Main_iPhone.storyboard in Resources */,
				54C2663E17F68B6000C22699 /* InfoPlist.strings in Resources */,
				542B1C6D17FBA0DB0087C5D1 /* FBUserSettingsViewResources.bundle in Resources */,
			);
			runOnlyForDeploymentPostprocessing = 0;
		};
		54C2665217F68B6100C22699 /* Resources */ = {
			isa = PBXResourcesBuildPhase;
			buildActionMask = 2147483647;
			files = (
				54C2666017F68B6100C22699 /* InfoPlist.strings in Resources */,
			);
			runOnlyForDeploymentPostprocessing = 0;
		};
/* End PBXResourcesBuildPhase section */

/* Begin PBXSourcesBuildPhase section */
		54C2662C17F68B6000C22699 /* Sources */ = {
			isa = PBXSourcesBuildPhase;
			buildActionMask = 2147483647;
			files = (
				54C64F081807B7A300B79483 /* AFHTTPRequestOperation.m in Sources */,
				542B1C6B17FB81E30087C5D1 /* GameViewController.m in Sources */,
				54C2664417F68B6000C22699 /* AppDelegate.m in Sources */,
				54A989001803B9F200303BFE /* UzysSMMenuItem.m in Sources */,
				542B1C771801D0DB0087C5D1 /* CustomPagerViewController.m in Sources */,
				54C64F211807C0E700B79483 /* AFNetworkActivityIndicatorManager.m in Sources */,
				54C64F101807B7A300B79483 /* AFURLSessionManager.m in Sources */,
				54C64F0A1807B7A300B79483 /* AFHTTPSessionManager.m in Sources */,
				54C2664017F68B6000C22699 /* main.m in Sources */,
				54C64F0B1807B7A300B79483 /* AFNetworkReachabilityManager.m in Sources */,
				54C64F2B1810C80F00B79483 /* MenuTableViewCell.m in Sources */,
				54C64EF31807AF5700B79483 /* GameUserTableViewCell.m in Sources */,
				54C64F271807C0E700B79483 /* UIWebView+AFNetworking.m in Sources */,
				54C64F251807C0E700B79483 /* UIImageView+AFNetworking.m in Sources */,
				54C64F261807C0E700B79483 /* UIProgressView+AFNetworking.m in Sources */,
				54C64F0F1807B7A300B79483 /* AFURLResponseSerialization.m in Sources */,
				54C64F0E1807B7A300B79483 /* AFURLRequestSerialization.m in Sources */,
				54C64F0D1807B7A300B79483 /* AFURLConnectionOperation.m in Sources */,
				54C64F241807C0E700B79483 /* UIButton+AFNetworking.m in Sources */,
				54C64F221807C0E700B79483 /* UIActivityIndicatorView+AFNetworking.m in Sources */,
				54C64F091807B7A300B79483 /* AFHTTPRequestOperationManager.m in Sources */,
				54A989031803B9F200303BFE /* UzysSlideMenu.m in Sources */,
				54C2668217FA476200C22699 /* LoginViewController.m in Sources */,
				54C64F0C1807B7A300B79483 /* AFSecurityPolicy.m in Sources */,
				54A989011803B9F200303BFE /* UzysSMMenuItemView.m in Sources */,
				542B1C741801D0D20087C5D1 /* PagerViewController.m in Sources */,
				542B1C6817FB81BC0087C5D1 /* MenuViewController.m in Sources */,
				54C64F231807C0E700B79483 /* UIAlertView+AFNetworking.m in Sources */,
			);
			runOnlyForDeploymentPostprocessing = 0;
		};
		54C2665017F68B6100C22699 /* Sources */ = {
			isa = PBXSourcesBuildPhase;
			buildActionMask = 2147483647;
			files = (
				54C2666217F68B6100C22699 /* PicsWithFriendsTests.m in Sources */,
			);
			runOnlyForDeploymentPostprocessing = 0;
		};
/* End PBXSourcesBuildPhase section */

/* Begin PBXTargetDependency section */
		54C2665A17F68B6100C22699 /* PBXTargetDependency */ = {
			isa = PBXTargetDependency;
			target = 54C2662F17F68B6000C22699 /* PicsWithFriends */;
			targetProxy = 54C2665917F68B6100C22699 /* PBXContainerItemProxy */;
		};
/* End PBXTargetDependency section */

/* Begin PBXVariantGroup section */
		54C2663C17F68B6000C22699 /* InfoPlist.strings */ = {
			isa = PBXVariantGroup;
			children = (
				54C2663D17F68B6000C22699 /* en */,
			);
			name = InfoPlist.strings;
			sourceTree = "<group>";
		};
		54C2664517F68B6000C22699 /* Main_iPhone.storyboard */ = {
			isa = PBXVariantGroup;
			children = (
				54C2664617F68B6000C22699 /* Base */,
			);
			name = Main_iPhone.storyboard;
			sourceTree = "<group>";
		};
		54C2664817F68B6000C22699 /* Main_iPad.storyboard */ = {
			isa = PBXVariantGroup;
			children = (
				54C2664917F68B6000C22699 /* Base */,
			);
			name = Main_iPad.storyboard;
			sourceTree = "<group>";
		};
		54C2665E17F68B6100C22699 /* InfoPlist.strings */ = {
			isa = PBXVariantGroup;
			children = (
				54C2665F17F68B6100C22699 /* en */,
			);
			name = InfoPlist.strings;
			sourceTree = "<group>";
		};
/* End PBXVariantGroup section */

/* Begin XCBuildConfiguration section */
		54C2666317F68B6100C22699 /* Debug */ = {
			isa = XCBuildConfiguration;
			buildSettings = {
				ALWAYS_SEARCH_USER_PATHS = NO;
				ARCHS = "$(ARCHS_STANDARD_INCLUDING_64_BIT)";
				CLANG_CXX_LANGUAGE_STANDARD = "gnu++0x";
				CLANG_CXX_LIBRARY = "libc++";
				CLANG_ENABLE_MODULES = YES;
				CLANG_ENABLE_OBJC_ARC = YES;
				CLANG_WARN_BOOL_CONVERSION = YES;
				CLANG_WARN_CONSTANT_CONVERSION = YES;
				CLANG_WARN_DIRECT_OBJC_ISA_USAGE = YES_ERROR;
				CLANG_WARN_EMPTY_BODY = YES;
				CLANG_WARN_ENUM_CONVERSION = YES;
				CLANG_WARN_INT_CONVERSION = YES;
				CLANG_WARN_OBJC_ROOT_CLASS = YES_ERROR;
				CLANG_WARN__DUPLICATE_METHOD_MATCH = YES;
				CODE_SIGN_IDENTITY = "Apple Development IOS Push Services: inndevers.picswithfriends";
				"CODE_SIGN_IDENTITY[sdk=iphoneos*]" = "Apple Development IOS Push Services: inndevers.picswithfriends";
				COPY_PHASE_STRIP = NO;
				GCC_C_LANGUAGE_STANDARD = gnu99;
				GCC_DYNAMIC_NO_PIC = NO;
				GCC_OPTIMIZATION_LEVEL = 0;
				GCC_PREPROCESSOR_DEFINITIONS = (
					"DEBUG=1",
					"$(inherited)",
				);
				GCC_SYMBOLS_PRIVATE_EXTERN = NO;
				GCC_WARN_64_TO_32_BIT_CONVERSION = YES;
				GCC_WARN_ABOUT_RETURN_TYPE = YES_ERROR;
				GCC_WARN_UNDECLARED_SELECTOR = YES;
				GCC_WARN_UNINITIALIZED_AUTOS = YES;
				GCC_WARN_UNUSED_FUNCTION = YES;
				GCC_WARN_UNUSED_VARIABLE = YES;
				IPHONEOS_DEPLOYMENT_TARGET = 7.0;
				ONLY_ACTIVE_ARCH = YES;
				SDKROOT = iphoneos;
				TARGETED_DEVICE_FAMILY = "1,2";
			};
			name = Debug;
		};
		54C2666417F68B6100C22699 /* Release */ = {
			isa = XCBuildConfiguration;
			buildSettings = {
				ALWAYS_SEARCH_USER_PATHS = NO;
				ARCHS = "$(ARCHS_STANDARD_INCLUDING_64_BIT)";
				CLANG_CXX_LANGUAGE_STANDARD = "gnu++0x";
				CLANG_CXX_LIBRARY = "libc++";
				CLANG_ENABLE_MODULES = YES;
				CLANG_ENABLE_OBJC_ARC = YES;
				CLANG_WARN_BOOL_CONVERSION = YES;
				CLANG_WARN_CONSTANT_CONVERSION = YES;
				CLANG_WARN_DIRECT_OBJC_ISA_USAGE = YES_ERROR;
				CLANG_WARN_EMPTY_BODY = YES;
				CLANG_WARN_ENUM_CONVERSION = YES;
				CLANG_WARN_INT_CONVERSION = YES;
				CLANG_WARN_OBJC_ROOT_CLASS = YES_ERROR;
				CLANG_WARN__DUPLICATE_METHOD_MATCH = YES;
				CODE_SIGN_IDENTITY = "Apple Production IOS Push Services: inndevers.picswithfriends";
				"CODE_SIGN_IDENTITY[sdk=iphoneos*]" = "Apple Production IOS Push Services: inndevers.picswithfriends";
				COPY_PHASE_STRIP = YES;
				ENABLE_NS_ASSERTIONS = NO;
				GCC_C_LANGUAGE_STANDARD = gnu99;
				GCC_WARN_64_TO_32_BIT_CONVERSION = YES;
				GCC_WARN_ABOUT_RETURN_TYPE = YES_ERROR;
				GCC_WARN_UNDECLARED_SELECTOR = YES;
				GCC_WARN_UNINITIALIZED_AUTOS = YES;
				GCC_WARN_UNUSED_FUNCTION = YES;
				GCC_WARN_UNUSED_VARIABLE = YES;
				IPHONEOS_DEPLOYMENT_TARGET = 7.0;
				SDKROOT = iphoneos;
				TARGETED_DEVICE_FAMILY = "1,2";
				VALIDATE_PRODUCT = YES;
			};
			name = Release;
		};
		54C2666617F68B6100C22699 /* Debug */ = {
			isa = XCBuildConfiguration;
			buildSettings = {
				ASSETCATALOG_COMPILER_APPICON_NAME = AppIcon;
				ASSETCATALOG_COMPILER_LAUNCHIMAGE_NAME = LaunchImage;
				CODE_SIGN_IDENTITY = "iPhone Developer";
				"CODE_SIGN_IDENTITY[sdk=iphoneos*]" = "iPhone Developer";
				FRAMEWORK_SEARCH_PATHS = (
					"$(inherited)",
					/Users/rycharlind/Documents/FacebookSDK,
					/Users/rycharlind/Development,
					/Users/rycharlind/Development/PicsWithFriends,
					/Users/ryanlindbeck/Development/PicsWithFriends,
					/Users/ryanlindbeck/Documents/FacebookSDK,
				);
				GCC_PRECOMPILE_PREFIX_HEADER = YES;
				GCC_PREFIX_HEADER = "PicsWithFriends/PicsWithFriends-Prefix.pch";
				INFOPLIST_FILE = "PicsWithFriends/PicsWithFriends-Info.plist";
				PRODUCT_NAME = "$(TARGET_NAME)";
				PROVISIONING_PROFILE = "";
				TARGETED_DEVICE_FAMILY = 1;
				WRAPPER_EXTENSION = app;
			};
			name = Debug;
		};
		54C2666717F68B6100C22699 /* Release */ = {
			isa = XCBuildConfiguration;
			buildSettings = {
				ASSETCATALOG_COMPILER_APPICON_NAME = AppIcon;
				ASSETCATALOG_COMPILER_LAUNCHIMAGE_NAME = LaunchImage;
				CODE_SIGN_IDENTITY = "iPhone Developer";
				"CODE_SIGN_IDENTITY[sdk=iphoneos*]" = "iPhone Developer";
				FRAMEWORK_SEARCH_PATHS = (
					"$(inherited)",
					/Users/rycharlind/Documents/FacebookSDK,
					/Users/rycharlind/Development,
					/Users/rycharlind/Development/PicsWithFriends,
					/Users/ryanlindbeck/Development/PicsWithFriends,
					/Users/ryanlindbeck/Documents/FacebookSDK,
				);
				GCC_PRECOMPILE_PREFIX_HEADER = YES;
				GCC_PREFIX_HEADER = "PicsWithFriends/PicsWithFriends-Prefix.pch";
				INFOPLIST_FILE = "PicsWithFriends/PicsWithFriends-Info.plist";
				PRODUCT_NAME = "$(TARGET_NAME)";
				PROVISIONING_PROFILE = "";
				TARGETED_DEVICE_FAMILY = 1;
				WRAPPER_EXTENSION = app;
			};
			name = Release;
		};
		54C2666917F68B6100C22699 /* Debug */ = {
			isa = XCBuildConfiguration;
			buildSettings = {
				ARCHS = "$(ARCHS_STANDARD_INCLUDING_64_BIT)";
				BUNDLE_LOADER = "$(BUILT_PRODUCTS_DIR)/PicsWithFriends.app/PicsWithFriends";
				FRAMEWORK_SEARCH_PATHS = (
					"$(SDKROOT)/Developer/Library/Frameworks",
					"$(inherited)",
					"$(DEVELOPER_FRAMEWORKS_DIR)",
				);
				GCC_PRECOMPILE_PREFIX_HEADER = YES;
				GCC_PREFIX_HEADER = "PicsWithFriends/PicsWithFriends-Prefix.pch";
				GCC_PREPROCESSOR_DEFINITIONS = (
					"DEBUG=1",
					"$(inherited)",
				);
				INFOPLIST_FILE = "PicsWithFriendsTests/PicsWithFriendsTests-Info.plist";
				PRODUCT_NAME = "$(TARGET_NAME)";
				TEST_HOST = "$(BUNDLE_LOADER)";
				WRAPPER_EXTENSION = xctest;
			};
			name = Debug;
		};
		54C2666A17F68B6100C22699 /* Release */ = {
			isa = XCBuildConfiguration;
			buildSettings = {
				ARCHS = "$(ARCHS_STANDARD_INCLUDING_64_BIT)";
				BUNDLE_LOADER = "$(BUILT_PRODUCTS_DIR)/PicsWithFriends.app/PicsWithFriends";
				FRAMEWORK_SEARCH_PATHS = (
					"$(SDKROOT)/Developer/Library/Frameworks",
					"$(inherited)",
					"$(DEVELOPER_FRAMEWORKS_DIR)",
				);
				GCC_PRECOMPILE_PREFIX_HEADER = YES;
				GCC_PREFIX_HEADER = "PicsWithFriends/PicsWithFriends-Prefix.pch";
				INFOPLIST_FILE = "PicsWithFriendsTests/PicsWithFriendsTests-Info.plist";
				PRODUCT_NAME = "$(TARGET_NAME)";
				TEST_HOST = "$(BUNDLE_LOADER)";
				WRAPPER_EXTENSION = xctest;
			};
			name = Release;
		};
/* End XCBuildConfiguration section */

/* Begin XCConfigurationList section */
		54C2662B17F68B6000C22699 /* Build configuration list for PBXProject "PicsWithFriends" */ = {
			isa = XCConfigurationList;
			buildConfigurations = (
				54C2666317F68B6100C22699 /* Debug */,
				54C2666417F68B6100C22699 /* Release */,
			);
			defaultConfigurationIsVisible = 0;
			defaultConfigurationName = Release;
		};
		54C2666517F68B6100C22699 /* Build configuration list for PBXNativeTarget "PicsWithFriends" */ = {
			isa = XCConfigurationList;
			buildConfigurations = (
				54C2666617F68B6100C22699 /* Debug */,
				54C2666717F68B6100C22699 /* Release */,
			);
			defaultConfigurationIsVisible = 0;
			defaultConfigurationName = Release;
		};
		54C2666817F68B6100C22699 /* Build configuration list for PBXNativeTarget "PicsWithFriendsTests" */ = {
			isa = XCConfigurationList;
			buildConfigurations = (
				54C2666917F68B6100C22699 /* Debug */,
				54C2666A17F68B6100C22699 /* Release */,
			);
			defaultConfigurationIsVisible = 0;
			defaultConfigurationName = Release;
		};
/* End XCConfigurationList section */
	};
	rootObject = 54C2662817F68B6000C22699 /* Project object */;
}
